
Microsoft Visual Studio Solution File, Format Version 12.00
# Visual Studio Version 18
VisualStudioVersion = 18.3.11505.172
MinimumVisualStudioVersion = 10.0.40219.1
Project("{FAE04EC0-301F-11D3-BF4B-00C04F79EFBC}") = "NetworkTools", "NetworkTools.Mod\NetworkTools.csproj", "{C0F281F6-E277-478D-9C66-F1ADAE6877B7}"
EndProject
Project("{FAE04EC0-301F-11D3-BF4B-00C04F79EFBC}") = "NetworkTools.Tests", "NetworkTools.Tests\NetworkTools.Tests.csproj", "{4774EF5C-F1D6-4213-BDFA-4B7C853B976F}"
EndProject
Project("{2150E333-8FDC-42A3-9474-1A3956D46DE8}") = "Solution Items", "Solution Items", "{58F40029-CB2C-44C3-AAFE-8558EA37D1D1}"
	ProjectSection(SolutionItems) = preProject
		crowdin.yaml = crowdin.yaml
	EndProjectSection
EndProject
Project("{FAE04EC0-301F-11D3-BF4B-00C04F79EFBC}") = "NetworkTools.Codegen", "NetworkTools.Codegen\NetworkTools.Codegen.csproj", "{2292B169-11D8-45BB-99ED-3816E74E56DC}"
EndProject
Global
	GlobalSection(SolutionConfigurationPlatforms) = preSolution
		Debug|Any CPU = Debug|Any CPU
		Debug|x64 = Debug|x64
		Debug|x86 = Debug|x86
		I18N|Any CPU = I18N|Any CPU
		I18N|x64 = I18N|x64
		I18N|x86 = I18N|x86
		Release|Any CPU = Release|Any CPU
		Release|x64 = Release|x64
		Release|x86 = Release|x86
		Test|Any CPU = Test|Any CPU
		Test|x64 = Test|x64
		Test|x86 = Test|x86
	EndGlobalSection
	GlobalSection(ProjectConfigurationPlatforms) = postSolution
		{C0F281F6-E277-478D-9C66-F1ADAE6877B7}.Debug|Any CPU.ActiveCfg = Debug|Any CPU
		{C0F281F6-E277-478D-9C66-F1ADAE6877B7}.Debug|Any CPU.Build.0 = Debug|Any CPU
		{C0F281F6-E277-478D-9C66-F1ADAE6877B7}.Debug|x64.ActiveCfg = Debug|Any CPU
		{C0F281F6-E277-478D-9C66-F1ADAE6877B7}.Debug|x64.Build.0 = Debug|Any CPU
		{C0F281F6-E277-478D-9C66-F1ADAE6877B7}.Debug|x86.ActiveCfg = Debug|Any CPU
		{C0F281F6-E277-478D-9C66-F1ADAE6877B7}.Debug|x86.Build.0 = Debug|Any CPU
		{C0F281F6-E277-478D-9C66-F1ADAE6877B7}.I18N|Any CPU.ActiveCfg = I18N|Any CPU
		{C0F281F6-E277-478D-9C66-F1ADAE6877B7}.I18N|Any CPU.Build.0 = I18N|Any CPU
		{C0F281F6-E277-478D-9C66-F1ADAE6877B7}.I18N|x64.ActiveCfg = I18N|Any CPU
		{C0F281F6-E277-478D-9C66-F1ADAE6877B7}.I18N|x64.Build.0 = I18N|Any CPU
		{C0F281F6-E277-478D-9C66-F1ADAE6877B7}.I18N|x86.ActiveCfg = I18N|Any CPU
		{C0F281F6-E277-478D-9C66-F1ADAE6877B7}.I18N|x86.Build.0 = I18N|Any CPU
		{C0F281F6-E277-478D-9C66-F1ADAE6877B7}.Release|Any CPU.ActiveCfg = Release|Any CPU
		{C0F281F6-E277-478D-9C66-F1ADAE6877B7}.Release|Any CPU.Build.0 = Release|Any CPU
		{C0F281F6-E277-478D-9C66-F1ADAE6877B7}.Release|x64.ActiveCfg = Release|Any CPU
		{C0F281F6-E277-478D-9C66-F1ADAE6877B7}.Release|x64.Build.0 = Release|Any CPU
		{C0F281F6-E277-478D-9C66-F1ADAE6877B7}.Release|x86.ActiveCfg = Release|Any CPU
		{C0F281F6-E277-478D-9C66-F1ADAE6877B7}.Release|x86.Build.0 = Release|Any CPU
		{C0F281F6-E277-478D-9C66-F1ADAE6877B7}.Test|Any CPU.ActiveCfg = Test|Any CPU
		{C0F281F6-E277-478D-9C66-F1ADAE6877B7}.Test|x64.ActiveCfg = Test|Any CPU
		{C0F281F6-E277-478D-9C66-F1ADAE6877B7}.Test|x64.Build.0 = Test|Any CPU
		{C0F281F6-E277-478D-9C66-F1ADAE6877B7}.Test|x86.ActiveCfg = Test|Any CPU
		{C0F281F6-E277-478D-9C66-F1ADAE6877B7}.Test|x86.Build.0 = Test|Any CPU
		{4774EF5C-F1D6-4213-BDFA-4B7C853B976F}.Debug|Any CPU.ActiveCfg = Debug|Any CPU
		{4774EF5C-F1D6-4213-BDFA-4B7C853B976F}.Debug|Any CPU.Build.0 = Debug|Any CPU
		{4774EF5C-F1D6-4213-BDFA-4B7C853B976F}.Debug|x64.ActiveCfg = Debug|Any CPU
		{4774EF5C-F1D6-4213-BDFA-4B7C853B976F}.Debug|x64.Build.0 = Debug|Any CPU
		{4774EF5C-F1D6-4213-BDFA-4B7C853B976F}.Debug|x86.ActiveCfg = Debug|Any CPU
		{4774EF5C-F1D6-4213-BDFA-4B7C853B976F}.Debug|x86.Build.0 = Debug|Any CPU
		{4774EF5C-F1D6-4213-BDFA-4B7C853B976F}.I18N|Any CPU.ActiveCfg = I18N|Any CPU
		{4774EF5C-F1D6-4213-BDFA-4B7C853B976F}.I18N|Any CPU.Build.0 = I18N|Any CPU
		{4774EF5C-F1D6-4213-BDFA-4B7C853B976F}.I18N|x64.ActiveCfg = I18N|Any CPU
		{4774EF5C-F1D6-4213-BDFA-4B7C853B976F}.I18N|x64.Build.0 = I18N|Any CPU
		{4774EF5C-F1D6-4213-BDFA-4B7C853B976F}.I18N|x86.ActiveCfg = I18N|Any CPU
		{4774EF5C-F1D6-4213-BDFA-4B7C853B976F}.I18N|x86.Build.0 = I18N|Any CPU
		{4774EF5C-F1D6-4213-BDFA-4B7C853B976F}.Release|Any CPU.ActiveCfg = Release|Any CPU
		{4774EF5C-F1D6-4213-BDFA-4B7C853B976F}.Release|Any CPU.Build.0 = Release|Any CPU
		{4774EF5C-F1D6-4213-BDFA-4B7C853B976F}.Release|x64.ActiveCfg = Release|Any CPU
		{4774EF5C-F1D6-4213-BDFA-4B7C853B976F}.Release|x64.Build.0 = Release|Any CPU
		{4774EF5C-F1D6-4213-BDFA-4B7C853B976F}.Release|x86.ActiveCfg = Release|Any CPU
		{4774EF5C-F1D6-4213-BDFA-4B7C853B976F}.Release|x86.Build.0 = Release|Any CPU
		{4774EF5C-F1D6-4213-BDFA-4B7C853B976F}.Test|Any CPU.ActiveCfg = Test|Any CPU
		{4774EF5C-F1D6-4213-BDFA-4B7C853B976F}.Test|Any CPU.Build.0 = Test|Any CPU
		{4774EF5C-F1D6-4213-BDFA-4B7C853B976F}.Test|x64.ActiveCfg = Test|Any CPU
		{4774EF5C-F1D6-4213-BDFA-4B7C853B976F}.Test|x64.Build.0 = Test|Any CPU
		{4774EF5C-F1D6-4213-BDFA-4B7C853B976F}.Test|x86.ActiveCfg = Test|Any CPU
		{4774EF5C-F1D6-4213-BDFA-4B7C853B976F}.Test|x86.Build.0 = Test|Any CPU
		{2292B169-11D8-45BB-99ED-3816E74E56DC}.Debug|Any CPU.ActiveCfg = Debug|Any CPU
		{2292B169-11D8-45BB-99ED-3816E74E56DC}.Debug|Any CPU.Build.0 = Debug|Any CPU
		{2292B169-11D8-45BB-99ED-3816E74E56DC}.Debug|x64.ActiveCfg = Debug|Any CPU
		{2292B169-11D8-45BB-99ED-3816E74E56DC}.Debug|x64.Build.0 = Debug|Any CPU
		{2292B169-11D8-45BB-99ED-3816E74E56DC}.Debug|x86.ActiveCfg = Debug|Any CPU
		{2292B169-11D8-45BB-99ED-3816E74E56DC}.Debug|x86.Build.0 = Debug|Any CPU
		{2292B169-11D8-45BB-99ED-3816E74E56DC}.I18N|Any CPU.ActiveCfg = Debug|Any CPU
		{2292B169-11D8-45BB-99ED-3816E74E56DC}.I18N|Any CPU.Build.0 = Debug|Any CPU
		{2292B169-11D8-45BB-99ED-3816E74E56DC}.I18N|x64.ActiveCfg = Debug|Any CPU
		{2292B169-11D8-45BB-99ED-3816E74E56DC}.I18N|x64.Build.0 = Debug|Any CPU
		{2292B169-11D8-45BB-99ED-3816E74E56DC}.I18N|x86.ActiveCfg = Debug|Any CPU
		{2292B169-11D8-45BB-99ED-3816E74E56DC}.I18N|x86.Build.0 = Debug|Any CPU
		{2292B169-11D8-45BB-99ED-3816E74E56DC}.Release|Any CPU.ActiveCfg = Release|Any CPU
		{2292B169-11D8-45BB-99ED-3816E74E56DC}.Release|Any CPU.Build.0 = Release|Any CPU
		{2292B169-11D8-45BB-99ED-3816E74E56DC}.Release|x64.ActiveCfg = Release|Any CPU
		{2292B169-11D8-45BB-99ED-3816E74E56DC}.Release|x64.Build.0 = Release|Any CPU
		{2292B169-11D8-45BB-99ED-3816E74E56DC}.Release|x86.ActiveCfg = Release|Any CPU
		{2292B169-11D8-45BB-99ED-3816E74E56DC}.Release|x86.Build.0 = Release|Any CPU
		{2292B169-11D8-45BB-99ED-3816E74E56DC}.Test|Any CPU.ActiveCfg = Debug|Any CPU
		{2292B169-11D8-45BB-99ED-3816E74E56DC}.Test|Any CPU.Build.0 = Debug|Any CPU
		{2292B169-11D8-45BB-99ED-3816E74E56DC}.Test|x64.ActiveCfg = Debug|Any CPU
		{2292B169-11D8-45BB-99ED-3816E74E56DC}.Test|x64.Build.0 = Debug|Any CPU
		{2292B169-11D8-45BB-99ED-3816E74E56DC}.Test|x86.ActiveCfg = Debug|Any CPU
		{2292B169-11D8-45BB-99ED-3816E74E56DC}.Test|x86.Build.0 = Debug|Any CPU
	EndGlobalSection
	GlobalSection(SolutionProperties) = preSolution
		HideSolutionNode = FALSE
	EndGlobalSection
	GlobalSection(ExtensibilityGlobals) = postSolution
		SolutionGuid = {7B105E28-7960-4AFC-8CCB-9713C0A034AA}
	EndGlobalSection
EndGlobal
